
Microsoft Visual Studio Solution File, Format Version 12.00
# Visual Studio Version 17
VisualStudioVersion = 17.10.35013.160
MinimumVisualStudioVersion = 10.0.40219.1
Project("{FAE04EC0-301F-11D3-BF4B-00C04F79EFBC}") = "DicomViewerOptomo", "DicomViewerOptomo\DicomViewerOptomo.csproj", "{9AF3FF2E-AAD7-4146-AA00-D703C9CD2CCE}"
EndProject
Global
	GlobalSection(SolutionConfigurationPlatforms) = preSolution
		Debug|Any CPU = Debug|Any CPU
		Release|Any CPU = Release|Any CPU
	EndGlobalSection
	GlobalSection(ProjectConfigurationPlatforms) = postSolution
		{9AF3FF2E-AAD7-4146-AA00-D703C9CD2CCE}.Debug|Any CPU.ActiveCfg = Debug|Any CPU
		{9AF3FF2E-AAD7-4146-AA00-D703C9CD2CCE}.Debug|Any CPU.Build.0 = Debug|Any CPU
		{9AF3FF2E-AAD7-4146-AA00-D703C9CD2CCE}.Release|Any CPU.ActiveCfg = Release|Any CPU
		{9AF3FF2E-AAD7-4146-AA00-D703C9CD2CCE}.Release|Any CPU.Build.0 = Release|Any CPU
	EndGlobalSection
	GlobalSection(SolutionProperties) = preSolution
		HideSolutionNode = FALSE
	EndGlobalSection
	GlobalSection(ExtensibilityGlobals) = postSolution
		SolutionGuid = {C1AE54C5-B3EE-4667-9418-A35EF2255D1E}
	EndGlobalSection
EndGlobal
